// !$*UTF8*$!
{
	archiveVersion = 1;
	classes = {
	};
	objectVersion = 50;
	objects = {

/* Begin PBXBuildFile section */
		BF0346E020D044F6009EEE01 /* ErrorMessageView.xib in Resources */ = {isa = PBXBuildFile; fileRef = BF0346DF20D044F6009EEE01 /* ErrorMessageView.xib */; };
		BF0346E220D04541009EEE01 /* ErrorMessageView.swift in Sources */ = {isa = PBXBuildFile; fileRef = BF0346E120D04541009EEE01 /* ErrorMessageView.swift */; };
		BF29AD7B20A0EF22002DB4CE /* EntryStreamPaginationViewCell.xib in Resources */ = {isa = PBXBuildFile; fileRef = BF29AD7A20A0EF22002DB4CE /* EntryStreamPaginationViewCell.xib */; };
		BF29AD7F20A0F503002DB4CE /* FontAwesomeFreeRegular.otf in Resources */ = {isa = PBXBuildFile; fileRef = BF29AD7E20A0F502002DB4CE /* FontAwesomeFreeRegular.otf */; };
		BF2CCCCD209A045F004598B8 /* StatisticButton.swift in Sources */ = {isa = PBXBuildFile; fileRef = BF2CCCCC209A045F004598B8 /* StatisticButton.swift */; };
		BF2CCCCF209A2BF5004598B8 /* Int+Abbreviation.swift in Sources */ = {isa = PBXBuildFile; fileRef = BF2CCCCE209A2BF5004598B8 /* Int+Abbreviation.swift */; };
		BF2CCCD1209A5EB3004598B8 /* UsernameButton.swift in Sources */ = {isa = PBXBuildFile; fileRef = BF2CCCD0209A5EB3004598B8 /* UsernameButton.swift */; };
		BF3D294920B8428700C139CA /* UIViewController+Journal.swift in Sources */ = {isa = PBXBuildFile; fileRef = BF3D294820B8428700C139CA /* UIViewController+Journal.swift */; };
		BF3D294D20B846FD00C139CA /* JournalExploreViewController.swift in Sources */ = {isa = PBXBuildFile; fileRef = BF3D294C20B846FD00C139CA /* JournalExploreViewController.swift */; };
		BF4B333F2090F716000262F8 /* UIColor+Hex.swift in Sources */ = {isa = PBXBuildFile; fileRef = BF4B333E2090F716000262F8 /* UIColor+Hex.swift */; };
		BF4B33412090FA6B000262F8 /* Theme.swift in Sources */ = {isa = PBXBuildFile; fileRef = BF4B33402090FA6B000262F8 /* Theme.swift */; };
		BF4B33432090FADC000262F8 /* WhiteTheme.swift in Sources */ = {isa = PBXBuildFile; fileRef = BF4B33422090FADB000262F8 /* WhiteTheme.swift */; };
		BF4B33452090FC6A000262F8 /* RetroTheme.swift in Sources */ = {isa = PBXBuildFile; fileRef = BF4B33442090FC6A000262F8 /* RetroTheme.swift */; };
		BF4B334920910271000262F8 /* HeadingLabel.swift in Sources */ = {isa = PBXBuildFile; fileRef = BF4B334820910271000262F8 /* HeadingLabel.swift */; };
		BF4B334E2091242F000262F8 /* SettingsViewController.swift in Sources */ = {isa = PBXBuildFile; fileRef = BF4B334D2091242F000262F8 /* SettingsViewController.swift */; };
		BF4B3350209124B7000262F8 /* SettingsView.xib in Resources */ = {isa = PBXBuildFile; fileRef = BF4B334F209124B7000262F8 /* SettingsView.xib */; };
		BF4B33782091B0EA000262F8 /* TabBar.xib in Resources */ = {isa = PBXBuildFile; fileRef = BF4B33772091B0EA000262F8 /* TabBar.xib */; };
		BF4B33802091CA3F000262F8 /* BrowseTableViewCell.xib in Resources */ = {isa = PBXBuildFile; fileRef = BF4B337F2091CA3F000262F8 /* BrowseTableViewCell.xib */; };
		BF4B33822091CA4E000262F8 /* BrowseTableViewCell.swift in Sources */ = {isa = PBXBuildFile; fileRef = BF4B33812091CA4E000262F8 /* BrowseTableViewCell.swift */; };
		BF4B33862091D04E000262F8 /* EntryCollectionViewCell.xib in Resources */ = {isa = PBXBuildFile; fileRef = BF4B33852091D04E000262F8 /* EntryCollectionViewCell.xib */; };
		BF4B33882091D06E000262F8 /* EntryCollectionViewCell.swift in Sources */ = {isa = PBXBuildFile; fileRef = BF4B33872091D06E000262F8 /* EntryCollectionViewCell.swift */; };
		BF4B338A20923B4A000262F8 /* EntryStreamViewController.swift in Sources */ = {isa = PBXBuildFile; fileRef = BF4B338920923B4A000262F8 /* EntryStreamViewController.swift */; };
		BF4B338C20923B71000262F8 /* EntryStreamView.xib in Resources */ = {isa = PBXBuildFile; fileRef = BF4B338B20923B71000262F8 /* EntryStreamView.xib */; };
		BF4B338E20924380000262F8 /* EntryStreamTableViewCell.swift in Sources */ = {isa = PBXBuildFile; fileRef = BF4B338D20924380000262F8 /* EntryStreamTableViewCell.swift */; };
		BF4B3390209243B3000262F8 /* EntryStreamTableViewCell.xib in Resources */ = {isa = PBXBuildFile; fileRef = BF4B338F209243B3000262F8 /* EntryStreamTableViewCell.xib */; };
		BF4B339220924C0D000262F8 /* TitleLabel.swift in Sources */ = {isa = PBXBuildFile; fileRef = BF4B339120924C0D000262F8 /* TitleLabel.swift */; };
		BF56B1502099335C00BFF4EC /* Notification.swift in Sources */ = {isa = PBXBuildFile; fileRef = BF56B14F2099335C00BFF4EC /* Notification.swift */; };
		BF56B15C2099B7AD00BFF4EC /* BackButton.swift in Sources */ = {isa = PBXBuildFile; fileRef = BF56B15B2099B7AD00BFF4EC /* BackButton.swift */; };
		BF56B15E2099C51600BFF4EC /* BackButton.xib in Resources */ = {isa = PBXBuildFile; fileRef = BF56B15D2099C51600BFF4EC /* BackButton.xib */; };
		BF56B1602099D97F00BFF4EC /* UIViewController+BackButton.swift in Sources */ = {isa = PBXBuildFile; fileRef = BF56B15F2099D97F00BFF4EC /* UIViewController+BackButton.swift */; };
		BF56B1622099E7EA00BFF4EC /* FontAwesomeFreeSolid.otf in Resources */ = {isa = PBXBuildFile; fileRef = BF56B1612099E7EA00BFF4EC /* FontAwesomeFreeSolid.otf */; };
		BF56B1642099EB2500BFF4EC /* StatisticLabel.swift in Sources */ = {isa = PBXBuildFile; fileRef = BF56B1632099EB2500BFF4EC /* StatisticLabel.swift */; };
		BF5AA3A420933EAA00FFFF57 /* DisclosureButton.swift in Sources */ = {isa = PBXBuildFile; fileRef = BF5AA3A320933EAA00FFFF57 /* DisclosureButton.swift */; };
		BF7C3D9A2090D28500DF0689 /* AppDelegate.swift in Sources */ = {isa = PBXBuildFile; fileRef = BF7C3D992090D28500DF0689 /* AppDelegate.swift */; };
		BF7C3D9C2090D28500DF0689 /* BrowseViewController.swift in Sources */ = {isa = PBXBuildFile; fileRef = BF7C3D9B2090D28500DF0689 /* BrowseViewController.swift */; };
		BF7C3DA12090D28700DF0689 /* Assets.xcassets in Resources */ = {isa = PBXBuildFile; fileRef = BF7C3DA02090D28700DF0689 /* Assets.xcassets */; };
		BF7C3DA42090D28700DF0689 /* LaunchScreen.storyboard in Resources */ = {isa = PBXBuildFile; fileRef = BF7C3DA22090D28700DF0689 /* LaunchScreen.storyboard */; };
		BF7C3DAC2090D3C200DF0689 /* BrowseView.xib in Resources */ = {isa = PBXBuildFile; fileRef = BF7C3DAB2090D3C200DF0689 /* BrowseView.xib */; };
		BF8B4DCE20930BCF00BAD163 /* PhotoBackgroundView.swift in Sources */ = {isa = PBXBuildFile; fileRef = BF8B4DCD20930BCF00BAD163 /* PhotoBackgroundView.swift */; };
		BF8B4DD02093116B00BAD163 /* Entry.swift in Sources */ = {isa = PBXBuildFile; fileRef = BF8B4DCF2093116B00BAD163 /* Entry.swift */; };
		BF9F358B2090E33200355585 /* TemplateView.swift in Sources */ = {isa = PBXBuildFile; fileRef = BF9F358A2090E33200355585 /* TemplateView.swift */; };
		BF9F359D2090E81300355585 /* Museo500-Regular.otf in Resources */ = {isa = PBXBuildFile; fileRef = BF9F358E2090E81300355585 /* Museo500-Regular.otf */; };
		BF9F359E2090E81300355585 /* Roboto-Medium.ttf in Resources */ = {isa = PBXBuildFile; fileRef = BF9F35902090E81300355585 /* Roboto-Medium.ttf */; };
		BF9F359F2090E81300355585 /* Roboto-Light.ttf in Resources */ = {isa = PBXBuildFile; fileRef = BF9F35912090E81300355585 /* Roboto-Light.ttf */; };
		BF9F35A02090E81300355585 /* Roboto-Regular.ttf in Resources */ = {isa = PBXBuildFile; fileRef = BF9F35922090E81300355585 /* Roboto-Regular.ttf */; };
		BF9F35A12090E81300355585 /* Roboto-MediumItalic.ttf in Resources */ = {isa = PBXBuildFile; fileRef = BF9F35932090E81300355585 /* Roboto-MediumItalic.ttf */; };
		BF9F35A22090E81300355585 /* Roboto-ThinItalic.ttf in Resources */ = {isa = PBXBuildFile; fileRef = BF9F35942090E81300355585 /* Roboto-ThinItalic.ttf */; };
		BF9F35A32090E81300355585 /* Roboto-BoldItalic.ttf in Resources */ = {isa = PBXBuildFile; fileRef = BF9F35952090E81300355585 /* Roboto-BoldItalic.ttf */; };
		BF9F35A42090E81300355585 /* Roboto-LightItalic.ttf in Resources */ = {isa = PBXBuildFile; fileRef = BF9F35962090E81300355585 /* Roboto-LightItalic.ttf */; };
		BF9F35A52090E81300355585 /* Roboto-Italic.ttf in Resources */ = {isa = PBXBuildFile; fileRef = BF9F35972090E81300355585 /* Roboto-Italic.ttf */; };
		BF9F35A62090E81300355585 /* LICENSE.txt in Resources */ = {isa = PBXBuildFile; fileRef = BF9F35982090E81300355585 /* LICENSE.txt */; };
		BF9F35A72090E81300355585 /* Roboto-BlackItalic.ttf in Resources */ = {isa = PBXBuildFile; fileRef = BF9F35992090E81300355585 /* Roboto-BlackItalic.ttf */; };
		BF9F35A82090E81300355585 /* Roboto-Bold.ttf in Resources */ = {isa = PBXBuildFile; fileRef = BF9F359A2090E81300355585 /* Roboto-Bold.ttf */; };
		BF9F35A92090E81300355585 /* Roboto-Thin.ttf in Resources */ = {isa = PBXBuildFile; fileRef = BF9F359B2090E81300355585 /* Roboto-Thin.ttf */; };
		BF9F35AA2090E81300355585 /* Roboto-Black.ttf in Resources */ = {isa = PBXBuildFile; fileRef = BF9F359C2090E81300355585 /* Roboto-Black.ttf */; };
		BFBCCE9D20C68D8600C13EA3 /* String+HTML.swift in Sources */ = {isa = PBXBuildFile; fileRef = BFBCCE9C20C68D8600C13EA3 /* String+HTML.swift */; };
		BFBCCE9F20C6EBC700C13EA3 /* EntryTableViewPhotoCell.swift in Sources */ = {isa = PBXBuildFile; fileRef = BFBCCE9E20C6EBC700C13EA3 /* EntryTableViewPhotoCell.swift */; };
		BFBCCEA120C6EC0C00C13EA3 /* EntryTableViewPhotoCell.xib in Resources */ = {isa = PBXBuildFile; fileRef = BFBCCEA020C6EC0C00C13EA3 /* EntryTableViewPhotoCell.xib */; };
		BFBCCEA320C6EC9500C13EA3 /* EntryTableViewTitleCell.swift in Sources */ = {isa = PBXBuildFile; fileRef = BFBCCEA220C6EC9500C13EA3 /* EntryTableViewTitleCell.swift */; };
		BFBCCEA520C6ECCF00C13EA3 /* EntryTableViewTitleCell.xib in Resources */ = {isa = PBXBuildFile; fileRef = BFBCCEA420C6ECCF00C13EA3 /* EntryTableViewTitleCell.xib */; };
		BFBCCEA720C6ED5500C13EA3 /* EntyTableViewDescriptionCell.swift in Sources */ = {isa = PBXBuildFile; fileRef = BFBCCEA620C6ED5500C13EA3 /* EntyTableViewDescriptionCell.swift */; };
		BFBCCEA920C6ED8F00C13EA3 /* EntryTableViewDescriptionCell.xib in Resources */ = {isa = PBXBuildFile; fileRef = BFBCCEA820C6ED8F00C13EA3 /* EntryTableViewDescriptionCell.xib */; };
		BFBCCEAB20C6F86000C13EA3 /* EntryTableViewMetadataCell.swift in Sources */ = {isa = PBXBuildFile; fileRef = BFBCCEAA20C6F86000C13EA3 /* EntryTableViewMetadataCell.swift */; };
		BFBCCEAD20C6F87800C13EA3 /* EntryTableViewMetadataCell.xib in Resources */ = {isa = PBXBuildFile; fileRef = BFBCCEAC20C6F87800C13EA3 /* EntryTableViewMetadataCell.xib */; };
		BFBCCEAF20C6FBB800C13EA3 /* SecondaryButton.swift in Sources */ = {isa = PBXBuildFile; fileRef = BFBCCEAE20C6FBB800C13EA3 /* SecondaryButton.swift */; };
		BFBCCEB120C918ED00C13EA3 /* EntryStatisticsView.swift in Sources */ = {isa = PBXBuildFile; fileRef = BFBCCEB020C918ED00C13EA3 /* EntryStatisticsView.swift */; };
		BFBCCEB320C9191900C13EA3 /* EntryStatisticsView.xib in Resources */ = {isa = PBXBuildFile; fileRef = BFBCCEB220C9191900C13EA3 /* EntryStatisticsView.xib */; };
		BFBCCEB620C91E7500C13EA3 /* EntryManager.swift in Sources */ = {isa = PBXBuildFile; fileRef = BFBCCEB520C91E7500C13EA3 /* EntryManager.swift */; };
		BFBCCEBB20CA733C00C13EA3 /* JSONApi.swift in Sources */ = {isa = PBXBuildFile; fileRef = BFBCCEBA20CA733C00C13EA3 /* JSONApi.swift */; };
		BFBCCEBD20CA73C000C13EA3 /* ApiError.swift in Sources */ = {isa = PBXBuildFile; fileRef = BFBCCEBC20CA73C000C13EA3 /* ApiError.swift */; };
		BFBCCEBF20CA76C000C13EA3 /* BlipfotoApi.swift in Sources */ = {isa = PBXBuildFile; fileRef = BFBCCEBE20CA76C000C13EA3 /* BlipfotoApi.swift */; };
		BFF200CD20B860990074AF5C /* EntryNavigationTitleView.swift in Sources */ = {isa = PBXBuildFile; fileRef = BFF200CC20B860990074AF5C /* EntryNavigationTitleView.swift */; };
		BFF200CF20B8615A0074AF5C /* EntryNavigationTitleView.xib in Resources */ = {isa = PBXBuildFile; fileRef = BFF200CE20B8615A0074AF5C /* EntryNavigationTitleView.xib */; };
		BFF200D620BAD18D0074AF5C /* EntryViewController.swift in Sources */ = {isa = PBXBuildFile; fileRef = BFF200D520BAD18D0074AF5C /* EntryViewController.swift */; };
		BFFDD35520CED9030035AC5F /* JournalViewController.swift in Sources */ = {isa = PBXBuildFile; fileRef = BFFDD35420CED9030035AC5F /* JournalViewController.swift */; };
		BFFDD35920CEDD0C0035AC5F /* JournalView.xib in Resources */ = {isa = PBXBuildFile; fileRef = BFFDD35820CEDD0C0035AC5F /* JournalView.xib */; };
		BFFDD35F20CEECCF0035AC5F /* EntryView.xib in Resources */ = {isa = PBXBuildFile; fileRef = BFFDD35E20CEECCF0035AC5F /* EntryView.xib */; };
		BFFDD36120CEFB770035AC5F /* EntryFormatter.swift in Sources */ = {isa = PBXBuildFile; fileRef = BFFDD36020CEFB770035AC5F /* EntryFormatter.swift */; };
		C900C852D1F1267F3B012BFF /* Pods_Blipperific.framework in Frameworks */ = {isa = PBXBuildFile; fileRef = F04356162D284285FE7AEB14 /* Pods_Blipperific.framework */; };
/* End PBXBuildFile section */

/* Begin PBXFileReference section */
		4219FDA7C6B0C81F8F10A2E4 /* Pods-Blipperific.release.xcconfig */ = {isa = PBXFileReference; includeInIndex = 1; lastKnownFileType = text.xcconfig; name = "Pods-Blipperific.release.xcconfig"; path = "Pods/Target Support Files/Pods-Blipperific/Pods-Blipperific.release.xcconfig"; sourceTree = "<group>"; };
		57111022F5883FA3C2677ABD /* Pods-Blipperific.debug.xcconfig */ = {isa = PBXFileReference; includeInIndex = 1; lastKnownFileType = text.xcconfig; name = "Pods-Blipperific.debug.xcconfig"; path = "Pods/Target Support Files/Pods-Blipperific/Pods-Blipperific.debug.xcconfig"; sourceTree = "<group>"; };
		BF0346DF20D044F6009EEE01 /* ErrorMessageView.xib */ = {isa = PBXFileReference; lastKnownFileType = file.xib; path = ErrorMessageView.xib; sourceTree = "<group>"; };
		BF0346E120D04541009EEE01 /* ErrorMessageView.swift */ = {isa = PBXFileReference; lastKnownFileType = sourcecode.swift; path = ErrorMessageView.swift; sourceTree = "<group>"; };
		BF29AD7A20A0EF22002DB4CE /* EntryStreamPaginationViewCell.xib */ = {isa = PBXFileReference; lastKnownFileType = file.xib; path = EntryStreamPaginationViewCell.xib; sourceTree = "<group>"; };
		BF29AD7E20A0F502002DB4CE /* FontAwesomeFreeRegular.otf */ = {isa = PBXFileReference; lastKnownFileType = file; path = FontAwesomeFreeRegular.otf; sourceTree = "<group>"; };
		BF2CCCCC209A045F004598B8 /* StatisticButton.swift */ = {isa = PBXFileReference; lastKnownFileType = sourcecode.swift; path = StatisticButton.swift; sourceTree = "<group>"; };
		BF2CCCCE209A2BF5004598B8 /* Int+Abbreviation.swift */ = {isa = PBXFileReference; lastKnownFileType = sourcecode.swift; path = "Int+Abbreviation.swift"; sourceTree = "<group>"; };
		BF2CCCD0209A5EB3004598B8 /* UsernameButton.swift */ = {isa = PBXFileReference; lastKnownFileType = sourcecode.swift; path = UsernameButton.swift; sourceTree = "<group>"; };
		BF3D294820B8428700C139CA /* UIViewController+Journal.swift */ = {isa = PBXFileReference; lastKnownFileType = sourcecode.swift; path = "UIViewController+Journal.swift"; sourceTree = "<group>"; };
		BF3D294C20B846FD00C139CA /* JournalExploreViewController.swift */ = {isa = PBXFileReference; lastKnownFileType = sourcecode.swift; path = JournalExploreViewController.swift; sourceTree = "<group>"; };
		BF4B333E2090F716000262F8 /* UIColor+Hex.swift */ = {isa = PBXFileReference; lastKnownFileType = sourcecode.swift; path = "UIColor+Hex.swift"; sourceTree = "<group>"; };
		BF4B33402090FA6B000262F8 /* Theme.swift */ = {isa = PBXFileReference; lastKnownFileType = sourcecode.swift; path = Theme.swift; sourceTree = "<group>"; };
		BF4B33422090FADB000262F8 /* WhiteTheme.swift */ = {isa = PBXFileReference; lastKnownFileType = sourcecode.swift; path = WhiteTheme.swift; sourceTree = "<group>"; };
		BF4B33442090FC6A000262F8 /* RetroTheme.swift */ = {isa = PBXFileReference; lastKnownFileType = sourcecode.swift; path = RetroTheme.swift; sourceTree = "<group>"; };
		BF4B334820910271000262F8 /* HeadingLabel.swift */ = {isa = PBXFileReference; lastKnownFileType = sourcecode.swift; path = HeadingLabel.swift; sourceTree = "<group>"; };
		BF4B334D2091242F000262F8 /* SettingsViewController.swift */ = {isa = PBXFileReference; lastKnownFileType = sourcecode.swift; path = SettingsViewController.swift; sourceTree = "<group>"; };
		BF4B334F209124B7000262F8 /* SettingsView.xib */ = {isa = PBXFileReference; fileEncoding = 4; lastKnownFileType = file.xib; path = SettingsView.xib; sourceTree = "<group>"; };
		BF4B33772091B0EA000262F8 /* TabBar.xib */ = {isa = PBXFileReference; lastKnownFileType = file.xib; path = TabBar.xib; sourceTree = "<group>"; };
		BF4B337F2091CA3F000262F8 /* BrowseTableViewCell.xib */ = {isa = PBXFileReference; lastKnownFileType = file.xib; path = BrowseTableViewCell.xib; sourceTree = "<group>"; };
		BF4B33812091CA4E000262F8 /* BrowseTableViewCell.swift */ = {isa = PBXFileReference; lastKnownFileType = sourcecode.swift; path = BrowseTableViewCell.swift; sourceTree = "<group>"; };
		BF4B33852091D04E000262F8 /* EntryCollectionViewCell.xib */ = {isa = PBXFileReference; lastKnownFileType = file.xib; path = EntryCollectionViewCell.xib; sourceTree = "<group>"; };
		BF4B33872091D06E000262F8 /* EntryCollectionViewCell.swift */ = {isa = PBXFileReference; lastKnownFileType = sourcecode.swift; path = EntryCollectionViewCell.swift; sourceTree = "<group>"; };
		BF4B338920923B4A000262F8 /* EntryStreamViewController.swift */ = {isa = PBXFileReference; lastKnownFileType = sourcecode.swift; path = EntryStreamViewController.swift; sourceTree = "<group>"; };
		BF4B338B20923B71000262F8 /* EntryStreamView.xib */ = {isa = PBXFileReference; lastKnownFileType = file.xib; path = EntryStreamView.xib; sourceTree = "<group>"; };
		BF4B338D20924380000262F8 /* EntryStreamTableViewCell.swift */ = {isa = PBXFileReference; lastKnownFileType = sourcecode.swift; path = EntryStreamTableViewCell.swift; sourceTree = "<group>"; };
		BF4B338F209243B3000262F8 /* EntryStreamTableViewCell.xib */ = {isa = PBXFileReference; lastKnownFileType = file.xib; path = EntryStreamTableViewCell.xib; sourceTree = "<group>"; };
		BF4B339120924C0D000262F8 /* TitleLabel.swift */ = {isa = PBXFileReference; lastKnownFileType = sourcecode.swift; path = TitleLabel.swift; sourceTree = "<group>"; };
		BF56B14F2099335C00BFF4EC /* Notification.swift */ = {isa = PBXFileReference; lastKnownFileType = sourcecode.swift; name = Notification.swift; path = Extensions/Notification.swift; sourceTree = SOURCE_ROOT; };
		BF56B15B2099B7AD00BFF4EC /* BackButton.swift */ = {isa = PBXFileReference; lastKnownFileType = sourcecode.swift; path = BackButton.swift; sourceTree = "<group>"; };
		BF56B15D2099C51600BFF4EC /* BackButton.xib */ = {isa = PBXFileReference; lastKnownFileType = file.xib; path = BackButton.xib; sourceTree = "<group>"; };
		BF56B15F2099D97F00BFF4EC /* UIViewController+BackButton.swift */ = {isa = PBXFileReference; lastKnownFileType = sourcecode.swift; path = "UIViewController+BackButton.swift"; sourceTree = "<group>"; };
		BF56B1612099E7EA00BFF4EC /* FontAwesomeFreeSolid.otf */ = {isa = PBXFileReference; lastKnownFileType = file; path = FontAwesomeFreeSolid.otf; sourceTree = "<group>"; };
		BF56B1632099EB2500BFF4EC /* StatisticLabel.swift */ = {isa = PBXFileReference; lastKnownFileType = sourcecode.swift; path = StatisticLabel.swift; sourceTree = "<group>"; };
		BF5AA3A320933EAA00FFFF57 /* DisclosureButton.swift */ = {isa = PBXFileReference; lastKnownFileType = sourcecode.swift; path = DisclosureButton.swift; sourceTree = "<group>"; };
		BF7C3D962090D28500DF0689 /* Blipperific.app */ = {isa = PBXFileReference; explicitFileType = wrapper.application; includeInIndex = 0; path = Blipperific.app; sourceTree = BUILT_PRODUCTS_DIR; };
		BF7C3D992090D28500DF0689 /* AppDelegate.swift */ = {isa = PBXFileReference; lastKnownFileType = sourcecode.swift; path = AppDelegate.swift; sourceTree = "<group>"; };
		BF7C3D9B2090D28500DF0689 /* BrowseViewController.swift */ = {isa = PBXFileReference; lastKnownFileType = sourcecode.swift; path = BrowseViewController.swift; sourceTree = "<group>"; };
		BF7C3DA02090D28700DF0689 /* Assets.xcassets */ = {isa = PBXFileReference; lastKnownFileType = folder.assetcatalog; path = Assets.xcassets; sourceTree = "<group>"; };
		BF7C3DA32090D28700DF0689 /* Base */ = {isa = PBXFileReference; lastKnownFileType = file.storyboard; name = Base; path = Base.lproj/LaunchScreen.storyboard; sourceTree = "<group>"; };
		BF7C3DA52090D28700DF0689 /* Info.plist */ = {isa = PBXFileReference; lastKnownFileType = text.plist.xml; path = Info.plist; sourceTree = "<group>"; };
		BF7C3DAB2090D3C200DF0689 /* BrowseView.xib */ = {isa = PBXFileReference; lastKnownFileType = file.xib; path = BrowseView.xib; sourceTree = "<group>"; };
		BF8B4DCD20930BCF00BAD163 /* PhotoBackgroundView.swift */ = {isa = PBXFileReference; lastKnownFileType = sourcecode.swift; path = PhotoBackgroundView.swift; sourceTree = "<group>"; };
		BF8B4DCF2093116B00BAD163 /* Entry.swift */ = {isa = PBXFileReference; lastKnownFileType = sourcecode.swift; path = Entry.swift; sourceTree = "<group>"; };
		BF9F358A2090E33200355585 /* TemplateView.swift */ = {isa = PBXFileReference; lastKnownFileType = sourcecode.swift; path = TemplateView.swift; sourceTree = "<group>"; };
		BF9F358E2090E81300355585 /* Museo500-Regular.otf */ = {isa = PBXFileReference; lastKnownFileType = file; path = "Museo500-Regular.otf"; sourceTree = "<group>"; };
		BF9F35902090E81300355585 /* Roboto-Medium.ttf */ = {isa = PBXFileReference; lastKnownFileType = file; path = "Roboto-Medium.ttf"; sourceTree = "<group>"; };
		BF9F35912090E81300355585 /* Roboto-Light.ttf */ = {isa = PBXFileReference; lastKnownFileType = file; path = "Roboto-Light.ttf"; sourceTree = "<group>"; };
		BF9F35922090E81300355585 /* Roboto-Regular.ttf */ = {isa = PBXFileReference; lastKnownFileType = file; path = "Roboto-Regular.ttf"; sourceTree = "<group>"; };
		BF9F35932090E81300355585 /* Roboto-MediumItalic.ttf */ = {isa = PBXFileReference; lastKnownFileType = file; path = "Roboto-MediumItalic.ttf"; sourceTree = "<group>"; };
		BF9F35942090E81300355585 /* Roboto-ThinItalic.ttf */ = {isa = PBXFileReference; lastKnownFileType = file; path = "Roboto-ThinItalic.ttf"; sourceTree = "<group>"; };
		BF9F35952090E81300355585 /* Roboto-BoldItalic.ttf */ = {isa = PBXFileReference; lastKnownFileType = file; path = "Roboto-BoldItalic.ttf"; sourceTree = "<group>"; };
		BF9F35962090E81300355585 /* Roboto-LightItalic.ttf */ = {isa = PBXFileReference; lastKnownFileType = file; path = "Roboto-LightItalic.ttf"; sourceTree = "<group>"; };
		BF9F35972090E81300355585 /* Roboto-Italic.ttf */ = {isa = PBXFileReference; lastKnownFileType = file; path = "Roboto-Italic.ttf"; sourceTree = "<group>"; };
		BF9F35982090E81300355585 /* LICENSE.txt */ = {isa = PBXFileReference; fileEncoding = 4; lastKnownFileType = text; path = LICENSE.txt; sourceTree = "<group>"; };
		BF9F35992090E81300355585 /* Roboto-BlackItalic.ttf */ = {isa = PBXFileReference; lastKnownFileType = file; path = "Roboto-BlackItalic.ttf"; sourceTree = "<group>"; };
		BF9F359A2090E81300355585 /* Roboto-Bold.ttf */ = {isa = PBXFileReference; lastKnownFileType = file; path = "Roboto-Bold.ttf"; sourceTree = "<group>"; };
		BF9F359B2090E81300355585 /* Roboto-Thin.ttf */ = {isa = PBXFileReference; lastKnownFileType = file; path = "Roboto-Thin.ttf"; sourceTree = "<group>"; };
		BF9F359C2090E81300355585 /* Roboto-Black.ttf */ = {isa = PBXFileReference; lastKnownFileType = file; path = "Roboto-Black.ttf"; sourceTree = "<group>"; };
		BFBCCE9C20C68D8600C13EA3 /* String+HTML.swift */ = {isa = PBXFileReference; lastKnownFileType = sourcecode.swift; path = "String+HTML.swift"; sourceTree = "<group>"; };
		BFBCCE9E20C6EBC700C13EA3 /* EntryTableViewPhotoCell.swift */ = {isa = PBXFileReference; lastKnownFileType = sourcecode.swift; path = EntryTableViewPhotoCell.swift; sourceTree = "<group>"; };
		BFBCCEA020C6EC0C00C13EA3 /* EntryTableViewPhotoCell.xib */ = {isa = PBXFileReference; lastKnownFileType = file.xib; path = EntryTableViewPhotoCell.xib; sourceTree = "<group>"; };
		BFBCCEA220C6EC9500C13EA3 /* EntryTableViewTitleCell.swift */ = {isa = PBXFileReference; lastKnownFileType = sourcecode.swift; path = EntryTableViewTitleCell.swift; sourceTree = "<group>"; };
		BFBCCEA420C6ECCF00C13EA3 /* EntryTableViewTitleCell.xib */ = {isa = PBXFileReference; lastKnownFileType = file.xib; path = EntryTableViewTitleCell.xib; sourceTree = "<group>"; };
		BFBCCEA620C6ED5500C13EA3 /* EntyTableViewDescriptionCell.swift */ = {isa = PBXFileReference; lastKnownFileType = sourcecode.swift; path = EntyTableViewDescriptionCell.swift; sourceTree = "<group>"; };
		BFBCCEA820C6ED8F00C13EA3 /* EntryTableViewDescriptionCell.xib */ = {isa = PBXFileReference; lastKnownFileType = file.xib; path = EntryTableViewDescriptionCell.xib; sourceTree = "<group>"; };
		BFBCCEAA20C6F86000C13EA3 /* EntryTableViewMetadataCell.swift */ = {isa = PBXFileReference; lastKnownFileType = sourcecode.swift; path = EntryTableViewMetadataCell.swift; sourceTree = "<group>"; };
		BFBCCEAC20C6F87800C13EA3 /* EntryTableViewMetadataCell.xib */ = {isa = PBXFileReference; lastKnownFileType = file.xib; path = EntryTableViewMetadataCell.xib; sourceTree = "<group>"; };
		BFBCCEAE20C6FBB800C13EA3 /* SecondaryButton.swift */ = {isa = PBXFileReference; lastKnownFileType = sourcecode.swift; path = SecondaryButton.swift; sourceTree = "<group>"; };
		BFBCCEB020C918ED00C13EA3 /* EntryStatisticsView.swift */ = {isa = PBXFileReference; lastKnownFileType = sourcecode.swift; path = EntryStatisticsView.swift; sourceTree = "<group>"; };
		BFBCCEB220C9191900C13EA3 /* EntryStatisticsView.xib */ = {isa = PBXFileReference; lastKnownFileType = file.xib; path = EntryStatisticsView.xib; sourceTree = "<group>"; };
		BFBCCEB520C91E7500C13EA3 /* EntryManager.swift */ = {isa = PBXFileReference; lastKnownFileType = sourcecode.swift; path = EntryManager.swift; sourceTree = "<group>"; };
		BFBCCEBA20CA733C00C13EA3 /* JSONApi.swift */ = {isa = PBXFileReference; lastKnownFileType = sourcecode.swift; path = JSONApi.swift; sourceTree = "<group>"; };
		BFBCCEBC20CA73C000C13EA3 /* ApiError.swift */ = {isa = PBXFileReference; lastKnownFileType = sourcecode.swift; path = ApiError.swift; sourceTree = "<group>"; };
		BFBCCEBE20CA76C000C13EA3 /* BlipfotoApi.swift */ = {isa = PBXFileReference; lastKnownFileType = sourcecode.swift; path = BlipfotoApi.swift; sourceTree = "<group>"; };
		BFF200CC20B860990074AF5C /* EntryNavigationTitleView.swift */ = {isa = PBXFileReference; lastKnownFileType = sourcecode.swift; path = EntryNavigationTitleView.swift; sourceTree = "<group>"; };
		BFF200CE20B8615A0074AF5C /* EntryNavigationTitleView.xib */ = {isa = PBXFileReference; lastKnownFileType = file.xib; path = EntryNavigationTitleView.xib; sourceTree = "<group>"; };
		BFF200D520BAD18D0074AF5C /* EntryViewController.swift */ = {isa = PBXFileReference; lastKnownFileType = sourcecode.swift; path = EntryViewController.swift; sourceTree = "<group>"; };
		BFFDD35420CED9030035AC5F /* JournalViewController.swift */ = {isa = PBXFileReference; lastKnownFileType = sourcecode.swift; path = JournalViewController.swift; sourceTree = "<group>"; };
		BFFDD35820CEDD0C0035AC5F /* JournalView.xib */ = {isa = PBXFileReference; fileEncoding = 4; lastKnownFileType = file.xib; path = JournalView.xib; sourceTree = "<group>"; };
		BFFDD35E20CEECCF0035AC5F /* EntryView.xib */ = {isa = PBXFileReference; lastKnownFileType = file.xib; path = EntryView.xib; sourceTree = "<group>"; };
		BFFDD36020CEFB770035AC5F /* EntryFormatter.swift */ = {isa = PBXFileReference; lastKnownFileType = sourcecode.swift; path = EntryFormatter.swift; sourceTree = "<group>"; };
		F04356162D284285FE7AEB14 /* Pods_Blipperific.framework */ = {isa = PBXFileReference; explicitFileType = wrapper.framework; includeInIndex = 0; path = Pods_Blipperific.framework; sourceTree = BUILT_PRODUCTS_DIR; };
/* End PBXFileReference section */

/* Begin PBXFrameworksBuildPhase section */
		BF7C3D932090D28500DF0689 /* Frameworks */ = {
			isa = PBXFrameworksBuildPhase;
			buildActionMask = 2147483647;
			files = (
				C900C852D1F1267F3B012BFF /* Pods_Blipperific.framework in Frameworks */,
			);
			runOnlyForDeploymentPostprocessing = 0;
		};
/* End PBXFrameworksBuildPhase section */

/* Begin PBXGroup section */
		0FD5A16DFFC7C09C9A1B1DA7 /* Frameworks */ = {
			isa = PBXGroup;
			children = (
				F04356162D284285FE7AEB14 /* Pods_Blipperific.framework */,
			);
			name = Frameworks;
			sourceTree = "<group>";
		};
		63DCB7BF7D899F61ABBE0734 /* Pods */ = {
			isa = PBXGroup;
			children = (
				57111022F5883FA3C2677ABD /* Pods-Blipperific.debug.xcconfig */,
				4219FDA7C6B0C81F8F10A2E4 /* Pods-Blipperific.release.xcconfig */,
			);
			name = Pods;
			sourceTree = "<group>";
		};
		BF4B3346209101C5000262F8 /* Classes */ = {
			isa = PBXGroup;
			children = (
				BFBCCEB920CA733200C13EA3 /* Services */,
				BFBCCEB420C91E6900C13EA3 /* Managers & Helpers */,
				BF9F35882090E2EE00355585 /* View Controllers */,
				BF4B3347209101CB000262F8 /* Themes */,
				BF9F35872090E2E800355585 /* Views */,
			);
			path = Classes;
			sourceTree = "<group>";
		};
		BF4B3347209101CB000262F8 /* Themes */ = {
			isa = PBXGroup;
			children = (
				BF4B33402090FA6B000262F8 /* Theme.swift */,
				BF4B33422090FADB000262F8 /* WhiteTheme.swift */,
				BF4B33442090FC6A000262F8 /* RetroTheme.swift */,
			);
			path = Themes;
			sourceTree = "<group>";
		};
		BF4B334C2091236B000262F8 /* Extensions */ = {
			isa = PBXGroup;
			children = (
				BF4B333E2090F716000262F8 /* UIColor+Hex.swift */,
				BF56B14F2099335C00BFF4EC /* Notification.swift */,
				BF56B15F2099D97F00BFF4EC /* UIViewController+BackButton.swift */,
				BF3D294820B8428700C139CA /* UIViewController+Journal.swift */,
				BF2CCCCE209A2BF5004598B8 /* Int+Abbreviation.swift */,
				BFBCCE9C20C68D8600C13EA3 /* String+HTML.swift */,
			);
			path = Extensions;
			sourceTree = "<group>";
		};
		BF4B33792091C69C000262F8 /* Tables & Cells */ = {
			isa = PBXGroup;
			children = (
				BF4B338F209243B3000262F8 /* EntryStreamTableViewCell.xib */,
				BFBCCEA020C6EC0C00C13EA3 /* EntryTableViewPhotoCell.xib */,
				BF29AD7A20A0EF22002DB4CE /* EntryStreamPaginationViewCell.xib */,
				BF4B337F2091CA3F000262F8 /* BrowseTableViewCell.xib */,
				BF4B33852091D04E000262F8 /* EntryCollectionViewCell.xib */,
				BFBCCEA420C6ECCF00C13EA3 /* EntryTableViewTitleCell.xib */,
				BFBCCEA820C6ED8F00C13EA3 /* EntryTableViewDescriptionCell.xib */,
				BFBCCEAC20C6F87800C13EA3 /* EntryTableViewMetadataCell.xib */,
			);
			path = "Tables & Cells";
			sourceTree = "<group>";
		};
		BF4B337E2091CA1C000262F8 /* Tables & Cells */ = {
			isa = PBXGroup;
			children = (
				BF4B33812091CA4E000262F8 /* BrowseTableViewCell.swift */,
				BF4B338D20924380000262F8 /* EntryStreamTableViewCell.swift */,
				BF4B33872091D06E000262F8 /* EntryCollectionViewCell.swift */,
				BFBCCE9E20C6EBC700C13EA3 /* EntryTableViewPhotoCell.swift */,
				BFBCCEA220C6EC9500C13EA3 /* EntryTableViewTitleCell.swift */,
				BFBCCEA620C6ED5500C13EA3 /* EntyTableViewDescriptionCell.swift */,
				BFBCCEAA20C6F86000C13EA3 /* EntryTableViewMetadataCell.swift */,
			);
			path = "Tables & Cells";
			sourceTree = "<group>";
		};
		BF7C3D8D2090D28500DF0689 = {
			isa = PBXGroup;
			children = (
				BF7C3D982090D28500DF0689 /* Blipperific */,
				BF4B334C2091236B000262F8 /* Extensions */,
				BF8B4DD12093116F00BAD163 /* Structs */,
				BF9F358C2090E7F100355585 /* Assets */,
				BF4B3346209101C5000262F8 /* Classes */,
				BF9F35892090E31900355585 /* XIBs */,
				BF7C3D972090D28500DF0689 /* Products */,
				63DCB7BF7D899F61ABBE0734 /* Pods */,
				0FD5A16DFFC7C09C9A1B1DA7 /* Frameworks */,
			);
			sourceTree = "<group>";
		};
		BF7C3D972090D28500DF0689 /* Products */ = {
			isa = PBXGroup;
			children = (
				BF7C3D962090D28500DF0689 /* Blipperific.app */,
			);
			name = Products;
			sourceTree = "<group>";
		};
		BF7C3D982090D28500DF0689 /* Blipperific */ = {
			isa = PBXGroup;
			children = (
				BF7C3D992090D28500DF0689 /* AppDelegate.swift */,
				BF7C3DA22090D28700DF0689 /* LaunchScreen.storyboard */,
				BF7C3DA52090D28700DF0689 /* Info.plist */,
			);
			path = Blipperific;
			sourceTree = "<group>";
		};
		BF8B4DD12093116F00BAD163 /* Structs */ = {
			isa = PBXGroup;
			children = (
				BF8B4DCF2093116B00BAD163 /* Entry.swift */,
				BFBCCEBC20CA73C000C13EA3 /* ApiError.swift */,
			);
			path = Structs;
			sourceTree = "<group>";
		};
		BF9F35872090E2E800355585 /* Views */ = {
			isa = PBXGroup;
			children = (
				BFF200E120BD5F4E0074AF5C /* Misc */,
				BFF200E020BD5F220074AF5C /* Labels */,
				BFF200DF20BD5EEF0074AF5C /* Buttons */,
				BF4B337E2091CA1C000262F8 /* Tables & Cells */,
			);
			path = Views;
			sourceTree = "<group>";
		};
		BF9F35882090E2EE00355585 /* View Controllers */ = {
			isa = PBXGroup;
			children = (
				BF7C3D9B2090D28500DF0689 /* BrowseViewController.swift */,
				BF4B338920923B4A000262F8 /* EntryStreamViewController.swift */,
				BF4B334D2091242F000262F8 /* SettingsViewController.swift */,
				BFFDD35420CED9030035AC5F /* JournalViewController.swift */,
				BFF200D520BAD18D0074AF5C /* EntryViewController.swift */,
				BF3D294C20B846FD00C139CA /* JournalExploreViewController.swift */,
			);
			path = "View Controllers";
			sourceTree = "<group>";
		};
		BF9F35892090E31900355585 /* XIBs */ = {
			isa = PBXGroup;
			children = (
				BF7C3DAB2090D3C200DF0689 /* BrowseView.xib */,
				BF4B334F209124B7000262F8 /* SettingsView.xib */,
				BFFDD35E20CEECCF0035AC5F /* EntryView.xib */,
				BFFDD35820CEDD0C0035AC5F /* JournalView.xib */,
				BFF200D020B869C20074AF5C /* Components */,
				BF4B338B20923B71000262F8 /* EntryStreamView.xib */,
				BF4B33792091C69C000262F8 /* Tables & Cells */,
			);
			path = XIBs;
			sourceTree = "<group>";
		};
		BF9F358C2090E7F100355585 /* Assets */ = {
			isa = PBXGroup;
			children = (
				BF7C3DA02090D28700DF0689 /* Assets.xcassets */,
				BF9F358D2090E7FD00355585 /* Fonts */,
			);
			path = Assets;
			sourceTree = "<group>";
		};
		BF9F358D2090E7FD00355585 /* Fonts */ = {
			isa = PBXGroup;
			children = (
				BF9F358E2090E81300355585 /* Museo500-Regular.otf */,
				BF56B1612099E7EA00BFF4EC /* FontAwesomeFreeSolid.otf */,
				BF29AD7E20A0F502002DB4CE /* FontAwesomeFreeRegular.otf */,
				BF9F358F2090E81300355585 /* Roboto */,
			);
			path = Fonts;
			sourceTree = "<group>";
		};
		BF9F358F2090E81300355585 /* Roboto */ = {
			isa = PBXGroup;
			children = (
				BF9F35902090E81300355585 /* Roboto-Medium.ttf */,
				BF9F35912090E81300355585 /* Roboto-Light.ttf */,
				BF9F35922090E81300355585 /* Roboto-Regular.ttf */,
				BF9F35932090E81300355585 /* Roboto-MediumItalic.ttf */,
				BF9F35942090E81300355585 /* Roboto-ThinItalic.ttf */,
				BF9F35952090E81300355585 /* Roboto-BoldItalic.ttf */,
				BF9F35962090E81300355585 /* Roboto-LightItalic.ttf */,
				BF9F35972090E81300355585 /* Roboto-Italic.ttf */,
				BF9F35982090E81300355585 /* LICENSE.txt */,
				BF9F35992090E81300355585 /* Roboto-BlackItalic.ttf */,
				BF9F359A2090E81300355585 /* Roboto-Bold.ttf */,
				BF9F359B2090E81300355585 /* Roboto-Thin.ttf */,
				BF9F359C2090E81300355585 /* Roboto-Black.ttf */,
			);
			path = Roboto;
			sourceTree = "<group>";
		};
		BFBCCEB420C91E6900C13EA3 /* Managers & Helpers */ = {
			isa = PBXGroup;
			children = (
				BFBCCEB520C91E7500C13EA3 /* EntryManager.swift */,
				BFFDD36020CEFB770035AC5F /* EntryFormatter.swift */,
			);
			path = "Managers & Helpers";
			sourceTree = "<group>";
		};
		BFBCCEB920CA733200C13EA3 /* Services */ = {
			isa = PBXGroup;
			children = (
				BFBCCEBA20CA733C00C13EA3 /* JSONApi.swift */,
				BFBCCEBE20CA76C000C13EA3 /* BlipfotoApi.swift */,
			);
			path = Services;
			sourceTree = "<group>";
		};
		BFF200D020B869C20074AF5C /* Components */ = {
			isa = PBXGroup;
			children = (
				BF56B15D2099C51600BFF4EC /* BackButton.xib */,
				BF4B33772091B0EA000262F8 /* TabBar.xib */,
				BFF200CE20B8615A0074AF5C /* EntryNavigationTitleView.xib */,
				BFBCCEB220C9191900C13EA3 /* EntryStatisticsView.xib */,
				BF0346DF20D044F6009EEE01 /* ErrorMessageView.xib */,
			);
			path = Components;
			sourceTree = "<group>";
		};
		BFF200DF20BD5EEF0074AF5C /* Buttons */ = {
			isa = PBXGroup;
			children = (
				BF2CCCD0209A5EB3004598B8 /* UsernameButton.swift */,
				BF5AA3A320933EAA00FFFF57 /* DisclosureButton.swift */,
				BF2CCCCC209A045F004598B8 /* StatisticButton.swift */,
				BFBCCEAE20C6FBB800C13EA3 /* SecondaryButton.swift */,
				BF56B15B2099B7AD00BFF4EC /* BackButton.swift */,
			);
			path = Buttons;
			sourceTree = "<group>";
		};
		BFF200E020BD5F220074AF5C /* Labels */ = {
			isa = PBXGroup;
			children = (
				BF4B334820910271000262F8 /* HeadingLabel.swift */,
				BF4B339120924C0D000262F8 /* TitleLabel.swift */,
				BF56B1632099EB2500BFF4EC /* StatisticLabel.swift */,
			);
			path = Labels;
			sourceTree = "<group>";
		};
		BFF200E120BD5F4E0074AF5C /* Misc */ = {
			isa = PBXGroup;
			children = (
				BFF200CC20B860990074AF5C /* EntryNavigationTitleView.swift */,
				BF8B4DCD20930BCF00BAD163 /* PhotoBackgroundView.swift */,
				BF9F358A2090E33200355585 /* TemplateView.swift */,
				BFBCCEB020C918ED00C13EA3 /* EntryStatisticsView.swift */,
				BF0346E120D04541009EEE01 /* ErrorMessageView.swift */,
			);
			path = Misc;
			sourceTree = "<group>";
		};
/* End PBXGroup section */

/* Begin PBXNativeTarget section */
		BF7C3D952090D28500DF0689 /* Blipperific */ = {
			isa = PBXNativeTarget;
			buildConfigurationList = BF7C3DA82090D28700DF0689 /* Build configuration list for PBXNativeTarget "Blipperific" */;
			buildPhases = (
				975609C52FCABBF82D8538AC /* [CP] Check Pods Manifest.lock */,
				BF7C3D922090D28500DF0689 /* Sources */,
				BF7C3D932090D28500DF0689 /* Frameworks */,
				BF7C3D942090D28500DF0689 /* Resources */,
				F4E1FBEF063A41FD840A1824 /* [CP] Embed Pods Frameworks */,
			);
			buildRules = (
			);
			dependencies = (
			);
			name = Blipperific;
			productName = Blipperific;
			productReference = BF7C3D962090D28500DF0689 /* Blipperific.app */;
			productType = "com.apple.product-type.application";
		};
/* End PBXNativeTarget section */

/* Begin PBXProject section */
		BF7C3D8E2090D28500DF0689 /* Project object */ = {
			isa = PBXProject;
			attributes = {
				LastSwiftUpdateCheck = 0930;
				LastUpgradeCheck = 0930;
				ORGANIZATIONNAME = "GMB Technology";
				TargetAttributes = {
					BF7C3D952090D28500DF0689 = {
						CreatedOnToolsVersion = 9.3;
					};
				};
			};
			buildConfigurationList = BF7C3D912090D28500DF0689 /* Build configuration list for PBXProject "Blipperific" */;
			compatibilityVersion = "Xcode 9.3";
			developmentRegion = en;
			hasScannedForEncodings = 0;
			knownRegions = (
				en,
				Base,
			);
			mainGroup = BF7C3D8D2090D28500DF0689;
			productRefGroup = BF7C3D972090D28500DF0689 /* Products */;
			projectDirPath = "";
			projectRoot = "";
			targets = (
				BF7C3D952090D28500DF0689 /* Blipperific */,
			);
		};
/* End PBXProject section */

/* Begin PBXResourcesBuildPhase section */
		BF7C3D942090D28500DF0689 /* Resources */ = {
			isa = PBXResourcesBuildPhase;
			buildActionMask = 2147483647;
			files = (
				BF9F35A92090E81300355585 /* Roboto-Thin.ttf in Resources */,
				BF9F359E2090E81300355585 /* Roboto-Medium.ttf in Resources */,
				BF56B15E2099C51600BFF4EC /* BackButton.xib in Resources */,
				BFBCCEA520C6ECCF00C13EA3 /* EntryTableViewTitleCell.xib in Resources */,
				BF9F35A52090E81300355585 /* Roboto-Italic.ttf in Resources */,
				BF9F35A82090E81300355585 /* Roboto-Bold.ttf in Resources */,
				BF9F35A42090E81300355585 /* Roboto-LightItalic.ttf in Resources */,
				BF9F35AA2090E81300355585 /* Roboto-Black.ttf in Resources */,
				BF4B33782091B0EA000262F8 /* TabBar.xib in Resources */,
				BFFDD35920CEDD0C0035AC5F /* JournalView.xib in Resources */,
				BF9F35A72090E81300355585 /* Roboto-BlackItalic.ttf in Resources */,
				BFBCCEB320C9191900C13EA3 /* EntryStatisticsView.xib in Resources */,
				BFF200CF20B8615A0074AF5C /* EntryNavigationTitleView.xib in Resources */,
				BFBCCEAD20C6F87800C13EA3 /* EntryTableViewMetadataCell.xib in Resources */,
				BF4B33862091D04E000262F8 /* EntryCollectionViewCell.xib in Resources */,
				BF4B3390209243B3000262F8 /* EntryStreamTableViewCell.xib in Resources */,
				BF9F35A02090E81300355585 /* Roboto-Regular.ttf in Resources */,
				BF9F359D2090E81300355585 /* Museo500-Regular.otf in Resources */,
				BF9F35A62090E81300355585 /* LICENSE.txt in Resources */,
				BF29AD7F20A0F503002DB4CE /* FontAwesomeFreeRegular.otf in Resources */,
				BF4B338C20923B71000262F8 /* EntryStreamView.xib in Resources */,
				BFBCCEA120C6EC0C00C13EA3 /* EntryTableViewPhotoCell.xib in Resources */,
				BF9F359F2090E81300355585 /* Roboto-Light.ttf in Resources */,
				BF0346E020D044F6009EEE01 /* ErrorMessageView.xib in Resources */,
				BF9F35A12090E81300355585 /* Roboto-MediumItalic.ttf in Resources */,
				BF56B1622099E7EA00BFF4EC /* FontAwesomeFreeSolid.otf in Resources */,
				BF7C3DA42090D28700DF0689 /* LaunchScreen.storyboard in Resources */,
				BFFDD35F20CEECCF0035AC5F /* EntryView.xib in Resources */,
				BF9F35A22090E81300355585 /* Roboto-ThinItalic.ttf in Resources */,
				BFBCCEA920C6ED8F00C13EA3 /* EntryTableViewDescriptionCell.xib in Resources */,
				BF4B33802091CA3F000262F8 /* BrowseTableViewCell.xib in Resources */,
				BF7C3DAC2090D3C200DF0689 /* BrowseView.xib in Resources */,
				BF29AD7B20A0EF22002DB4CE /* EntryStreamPaginationViewCell.xib in Resources */,
				BF4B3350209124B7000262F8 /* SettingsView.xib in Resources */,
				BF9F35A32090E81300355585 /* Roboto-BoldItalic.ttf in Resources */,
				BF7C3DA12090D28700DF0689 /* Assets.xcassets in Resources */,
			);
			runOnlyForDeploymentPostprocessing = 0;
		};
/* End PBXResourcesBuildPhase section */

/* Begin PBXShellScriptBuildPhase section */
		975609C52FCABBF82D8538AC /* [CP] Check Pods Manifest.lock */ = {
			isa = PBXShellScriptBuildPhase;
			buildActionMask = 2147483647;
			files = (
			);
			inputPaths = (
				"${PODS_PODFILE_DIR_PATH}/Podfile.lock",
				"${PODS_ROOT}/Manifest.lock",
			);
			name = "[CP] Check Pods Manifest.lock";
			outputPaths = (
				"$(DERIVED_FILE_DIR)/Pods-Blipperific-checkManifestLockResult.txt",
			);
			runOnlyForDeploymentPostprocessing = 0;
			shellPath = /bin/sh;
			shellScript = "diff \"${PODS_PODFILE_DIR_PATH}/Podfile.lock\" \"${PODS_ROOT}/Manifest.lock\" > /dev/null\nif [ $? != 0 ] ; then\n    # print error to STDERR\n    echo \"error: The sandbox is not in sync with the Podfile.lock. Run 'pod install' or update your CocoaPods installation.\" >&2\n    exit 1\nfi\n# This output is used by Xcode 'outputs' to avoid re-running this script phase.\necho \"SUCCESS\" > \"${SCRIPT_OUTPUT_FILE_0}\"\n";
			showEnvVarsInLog = 0;
		};
		F4E1FBEF063A41FD840A1824 /* [CP] Embed Pods Frameworks */ = {
			isa = PBXShellScriptBuildPhase;
			buildActionMask = 2147483647;
			files = (
			);
			inputPaths = (
				"${SRCROOT}/Pods/Target Support Files/Pods-Blipperific/Pods-Blipperific-frameworks.sh",
				"${BUILT_PRODUCTS_DIR}/Alamofire/Alamofire.framework",
				"${BUILT_PRODUCTS_DIR}/SDWebImage/SDWebImage.framework",
			);
			name = "[CP] Embed Pods Frameworks";
			outputPaths = (
				"${TARGET_BUILD_DIR}/${FRAMEWORKS_FOLDER_PATH}/Alamofire.framework",
				"${TARGET_BUILD_DIR}/${FRAMEWORKS_FOLDER_PATH}/SDWebImage.framework",
			);
			runOnlyForDeploymentPostprocessing = 0;
			shellPath = /bin/sh;
			shellScript = "\"${SRCROOT}/Pods/Target Support Files/Pods-Blipperific/Pods-Blipperific-frameworks.sh\"\n";
			showEnvVarsInLog = 0;
		};
/* End PBXShellScriptBuildPhase section */

/* Begin PBXSourcesBuildPhase section */
		BF7C3D922090D28500DF0689 /* Sources */ = {
			isa = PBXSourcesBuildPhase;
			buildActionMask = 2147483647;
			files = (
				BFFDD36120CEFB770035AC5F /* EntryFormatter.swift in Sources */,
				BF7C3D9C2090D28500DF0689 /* BrowseViewController.swift in Sources */,
				BF4B33432090FADC000262F8 /* WhiteTheme.swift in Sources */,
				BFF200CD20B860990074AF5C /* EntryNavigationTitleView.swift in Sources */,
				BF3D294920B8428700C139CA /* UIViewController+Journal.swift in Sources */,
				BF56B1502099335C00BFF4EC /* Notification.swift in Sources */,
				BF2CCCD1209A5EB3004598B8 /* UsernameButton.swift in Sources */,
				BF4B33452090FC6A000262F8 /* RetroTheme.swift in Sources */,
				BF4B339220924C0D000262F8 /* TitleLabel.swift in Sources */,
				BFBCCEAB20C6F86000C13EA3 /* EntryTableViewMetadataCell.swift in Sources */,
				BF3D294D20B846FD00C139CA /* JournalExploreViewController.swift in Sources */,
				BF56B15C2099B7AD00BFF4EC /* BackButton.swift in Sources */,
				BFF200D620BAD18D0074AF5C /* EntryViewController.swift in Sources */,
				BF4B338E20924380000262F8 /* EntryStreamTableViewCell.swift in Sources */,
				BF4B333F2090F716000262F8 /* UIColor+Hex.swift in Sources */,
				BF8B4DD02093116B00BAD163 /* Entry.swift in Sources */,
				BFBCCEA320C6EC9500C13EA3 /* EntryTableViewTitleCell.swift in Sources */,
				BF56B1642099EB2500BFF4EC /* StatisticLabel.swift in Sources */,
				BFBCCEA720C6ED5500C13EA3 /* EntyTableViewDescriptionCell.swift in Sources */,
				BF4B33822091CA4E000262F8 /* BrowseTableViewCell.swift in Sources */,
				BF4B33412090FA6B000262F8 /* Theme.swift in Sources */,
				BFBCCEAF20C6FBB800C13EA3 /* SecondaryButton.swift in Sources */,
				BFBCCEBB20CA733C00C13EA3 /* JSONApi.swift in Sources */,
				BFBCCEBF20CA76C000C13EA3 /* BlipfotoApi.swift in Sources */,
				BFBCCE9F20C6EBC700C13EA3 /* EntryTableViewPhotoCell.swift in Sources */,
				BFFDD35520CED9030035AC5F /* JournalViewController.swift in Sources */,
				BF2CCCCD209A045F004598B8 /* StatisticButton.swift in Sources */,
				BF4B334920910271000262F8 /* HeadingLabel.swift in Sources */,
				BF8B4DCE20930BCF00BAD163 /* PhotoBackgroundView.swift in Sources */,
				BFBCCE9D20C68D8600C13EA3 /* String+HTML.swift in Sources */,
				BF4B338A20923B4A000262F8 /* EntryStreamViewController.swift in Sources */,
				BF7C3D9A2090D28500DF0689 /* AppDelegate.swift in Sources */,
				BF56B1602099D97F00BFF4EC /* UIViewController+BackButton.swift in Sources */,
				BF9F358B2090E33200355585 /* TemplateView.swift in Sources */,
				BFBCCEBD20CA73C000C13EA3 /* ApiError.swift in Sources */,
				BFBCCEB620C91E7500C13EA3 /* EntryManager.swift in Sources */,
				BF4B33882091D06E000262F8 /* EntryCollectionViewCell.swift in Sources */,
				BF5AA3A420933EAA00FFFF57 /* DisclosureButton.swift in Sources */,
				BFBCCEB120C918ED00C13EA3 /* EntryStatisticsView.swift in Sources */,
				BF0346E220D04541009EEE01 /* ErrorMessageView.swift in Sources */,
				BF2CCCCF209A2BF5004598B8 /* Int+Abbreviation.swift in Sources */,
				BF4B334E2091242F000262F8 /* SettingsViewController.swift in Sources */,
			);
			runOnlyForDeploymentPostprocessing = 0;
		};
/* End PBXSourcesBuildPhase section */

/* Begin PBXVariantGroup section */
		BF7C3DA22090D28700DF0689 /* LaunchScreen.storyboard */ = {
			isa = PBXVariantGroup;
			children = (
				BF7C3DA32090D28700DF0689 /* Base */,
			);
			name = LaunchScreen.storyboard;
			sourceTree = "<group>";
		};
/* End PBXVariantGroup section */

/* Begin XCBuildConfiguration section */
		BF7C3DA62090D28700DF0689 /* Debug */ = {
			isa = XCBuildConfiguration;
			buildSettings = {
				ALWAYS_SEARCH_USER_PATHS = NO;
				CLANG_ANALYZER_NONNULL = YES;
				CLANG_ANALYZER_NUMBER_OBJECT_CONVERSION = YES_AGGRESSIVE;
				CLANG_CXX_LANGUAGE_STANDARD = "gnu++14";
				CLANG_CXX_LIBRARY = "libc++";
				CLANG_ENABLE_MODULES = YES;
				CLANG_ENABLE_OBJC_ARC = YES;
				CLANG_ENABLE_OBJC_WEAK = YES;
				CLANG_WARN_BLOCK_CAPTURE_AUTORELEASING = YES;
				CLANG_WARN_BOOL_CONVERSION = YES;
				CLANG_WARN_COMMA = YES;
				CLANG_WARN_CONSTANT_CONVERSION = YES;
				CLANG_WARN_DEPRECATED_OBJC_IMPLEMENTATIONS = YES;
				CLANG_WARN_DIRECT_OBJC_ISA_USAGE = YES_ERROR;
				CLANG_WARN_DOCUMENTATION_COMMENTS = YES;
				CLANG_WARN_EMPTY_BODY = YES;
				CLANG_WARN_ENUM_CONVERSION = YES;
				CLANG_WARN_INFINITE_RECURSION = YES;
				CLANG_WARN_INT_CONVERSION = YES;
				CLANG_WARN_NON_LITERAL_NULL_CONVERSION = YES;
				CLANG_WARN_OBJC_IMPLICIT_RETAIN_SELF = YES;
				CLANG_WARN_OBJC_LITERAL_CONVERSION = YES;
				CLANG_WARN_OBJC_ROOT_CLASS = YES_ERROR;
				CLANG_WARN_RANGE_LOOP_ANALYSIS = YES;
				CLANG_WARN_STRICT_PROTOTYPES = YES;
				CLANG_WARN_SUSPICIOUS_MOVE = YES;
				CLANG_WARN_UNGUARDED_AVAILABILITY = YES_AGGRESSIVE;
				CLANG_WARN_UNREACHABLE_CODE = YES;
				CLANG_WARN__DUPLICATE_METHOD_MATCH = YES;
				CODE_SIGN_IDENTITY = "iPhone Developer";
				COPY_PHASE_STRIP = NO;
				DEBUG_INFORMATION_FORMAT = dwarf;
				ENABLE_STRICT_OBJC_MSGSEND = YES;
				ENABLE_TESTABILITY = YES;
				GCC_C_LANGUAGE_STANDARD = gnu11;
				GCC_DYNAMIC_NO_PIC = NO;
				GCC_NO_COMMON_BLOCKS = YES;
				GCC_OPTIMIZATION_LEVEL = 0;
				GCC_PREPROCESSOR_DEFINITIONS = (
					"DEBUG=1",
					"$(inherited)",
				);
				GCC_WARN_64_TO_32_BIT_CONVERSION = YES;
				GCC_WARN_ABOUT_RETURN_TYPE = YES_ERROR;
				GCC_WARN_UNDECLARED_SELECTOR = YES;
				GCC_WARN_UNINITIALIZED_AUTOS = YES_AGGRESSIVE;
				GCC_WARN_UNUSED_FUNCTION = YES;
				GCC_WARN_UNUSED_VARIABLE = YES;
				IPHONEOS_DEPLOYMENT_TARGET = 11.3;
				MTL_ENABLE_DEBUG_INFO = YES;
				ONLY_ACTIVE_ARCH = YES;
				SDKROOT = iphoneos;
				SWIFT_ACTIVE_COMPILATION_CONDITIONS = DEBUG;
				SWIFT_OPTIMIZATION_LEVEL = "-Onone";
			};
			name = Debug;
		};
		BF7C3DA72090D28700DF0689 /* Release */ = {
			isa = XCBuildConfiguration;
			buildSettings = {
				ALWAYS_SEARCH_USER_PATHS = NO;
				CLANG_ANALYZER_NONNULL = YES;
				CLANG_ANALYZER_NUMBER_OBJECT_CONVERSION = YES_AGGRESSIVE;
				CLANG_CXX_LANGUAGE_STANDARD = "gnu++14";
				CLANG_CXX_LIBRARY = "libc++";
				CLANG_ENABLE_MODULES = YES;
				CLANG_ENABLE_OBJC_ARC = YES;
				CLANG_ENABLE_OBJC_WEAK = YES;
				CLANG_WARN_BLOCK_CAPTURE_AUTORELEASING = YES;
				CLANG_WARN_BOOL_CONVERSION = YES;
				CLANG_WARN_COMMA = YES;
				CLANG_WARN_CONSTANT_CONVERSION = YES;
				CLANG_WARN_DEPRECATED_OBJC_IMPLEMENTATIONS = YES;
				CLANG_WARN_DIRECT_OBJC_ISA_USAGE = YES_ERROR;
				CLANG_WARN_DOCUMENTATION_COMMENTS = YES;
				CLANG_WARN_EMPTY_BODY = YES;
				CLANG_WARN_ENUM_CONVERSION = YES;
				CLANG_WARN_INFINITE_RECURSION = YES;
				CLANG_WARN_INT_CONVERSION = YES;
				CLANG_WARN_NON_LITERAL_NULL_CONVERSION = YES;
				CLANG_WARN_OBJC_IMPLICIT_RETAIN_SELF = YES;
				CLANG_WARN_OBJC_LITERAL_CONVERSION = YES;
				CLANG_WARN_OBJC_ROOT_CLASS = YES_ERROR;
				CLANG_WARN_RANGE_LOOP_ANALYSIS = YES;
				CLANG_WARN_STRICT_PROTOTYPES = YES;
				CLANG_WARN_SUSPICIOUS_MOVE = YES;
				CLANG_WARN_UNGUARDED_AVAILABILITY = YES_AGGRESSIVE;
				CLANG_WARN_UNREACHABLE_CODE = YES;
				CLANG_WARN__DUPLICATE_METHOD_MATCH = YES;
				CODE_SIGN_IDENTITY = "iPhone Developer";
				COPY_PHASE_STRIP = NO;
				DEBUG_INFORMATION_FORMAT = "dwarf-with-dsym";
				ENABLE_NS_ASSERTIONS = NO;
				ENABLE_STRICT_OBJC_MSGSEND = YES;
				GCC_C_LANGUAGE_STANDARD = gnu11;
				GCC_NO_COMMON_BLOCKS = YES;
				GCC_WARN_64_TO_32_BIT_CONVERSION = YES;
				GCC_WARN_ABOUT_RETURN_TYPE = YES_ERROR;
				GCC_WARN_UNDECLARED_SELECTOR = YES;
				GCC_WARN_UNINITIALIZED_AUTOS = YES_AGGRESSIVE;
				GCC_WARN_UNUSED_FUNCTION = YES;
				GCC_WARN_UNUSED_VARIABLE = YES;
				IPHONEOS_DEPLOYMENT_TARGET = 11.3;
				MTL_ENABLE_DEBUG_INFO = NO;
				SDKROOT = iphoneos;
				SWIFT_COMPILATION_MODE = wholemodule;
				SWIFT_OPTIMIZATION_LEVEL = "-O";
				VALIDATE_PRODUCT = YES;
			};
			name = Release;
		};
		BF7C3DA92090D28700DF0689 /* Debug */ = {
			isa = XCBuildConfiguration;
			baseConfigurationReference = 57111022F5883FA3C2677ABD /* Pods-Blipperific.debug.xcconfig */;
			buildSettings = {
				ASSETCATALOG_COMPILER_APPICON_NAME = AppIcon;
				CODE_SIGN_STYLE = Automatic;
				DEVELOPMENT_TEAM = 2UFEHYBZ8B;
				INFOPLIST_FILE = Blipperific/Info.plist;
				LD_RUNPATH_SEARCH_PATHS = (
					"$(inherited)",
					"@executable_path/Frameworks",
				);
				PRODUCT_BUNDLE_IDENTIFIER = com.gbradley.Blipperific;
				PRODUCT_NAME = "$(TARGET_NAME)";
				SWIFT_VERSION = 4.0;
				TARGETED_DEVICE_FAMILY = "1,2";
			};
			name = Debug;
		};
		BF7C3DAA2090D28700DF0689 /* Release */ = {
			isa = XCBuildConfiguration;
			baseConfigurationReference = 4219FDA7C6B0C81F8F10A2E4 /* Pods-Blipperific.release.xcconfig */;
			buildSettings = {
				ASSETCATALOG_COMPILER_APPICON_NAME = AppIcon;
				CODE_SIGN_STYLE = Automatic;
				DEVELOPMENT_TEAM = 2UFEHYBZ8B;
				INFOPLIST_FILE = Blipperific/Info.plist;
				LD_RUNPATH_SEARCH_PATHS = (
					"$(inherited)",
					"@executable_path/Frameworks",
				);
				PRODUCT_BUNDLE_IDENTIFIER = com.gbradley.Blipperific;
				PRODUCT_NAME = "$(TARGET_NAME)";
				SWIFT_VERSION = 4.0;
				TARGETED_DEVICE_FAMILY = "1,2";
			};
			name = Release;
		};
/* End XCBuildConfiguration section */

/* Begin XCConfigurationList section */
		BF7C3D912090D28500DF0689 /* Build configuration list for PBXProject "Blipperific" */ = {
			isa = XCConfigurationList;
			buildConfigurations = (
				BF7C3DA62090D28700DF0689 /* Debug */,
				BF7C3DA72090D28700DF0689 /* Release */,
			);
			defaultConfigurationIsVisible = 0;
			defaultConfigurationName = Release;
		};
		BF7C3DA82090D28700DF0689 /* Build configuration list for PBXNativeTarget "Blipperific" */ = {
			isa = XCConfigurationList;
			buildConfigurations = (
				BF7C3DA92090D28700DF0689 /* Debug */,
				BF7C3DAA2090D28700DF0689 /* Release */,
			);
			defaultConfigurationIsVisible = 0;
			defaultConfigurationName = Release;
		};
/* End XCConfigurationList section */
	};
	rootObject = BF7C3D8E2090D28500DF0689 /* Project object */;
}
